// !$*UTF8*$!
{
	archiveVersion = 1;
	classes = {
	};
	objectVersion = 56;
	objects = {
/* Begin PBXBuildFile section */
		000000000000000000100002 /* DesignReviewer.swift in Sources */ = {isa = PBXBuildFile; fileRef = 000000000000000000100001 /* DesignReviewer.swift */; };
		000000000000000000100004 /* FatigueEngine.swift in Sources */ = {isa = PBXBuildFile; fileRef = 000000000000000000100003 /* FatigueEngine.swift */; };
		000000000000000000100006 /* ISO5817Grader.swift in Sources */ = {isa = PBXBuildFile; fileRef = 000000000000000000100005 /* ISO5817Grader.swift */; };
		000000000000000000100008 /* KnowledgeBank.swift in Sources */ = {isa = PBXBuildFile; fileRef = 000000000000000000100007 /* KnowledgeBank.swift */; };
		00000000000000000010000A /* LidarScaleCalibrator.swift in Sources */ = {isa = PBXBuildFile; fileRef = 000000000000000000100009 /* LidarScaleCalibrator.swift */; };
		00000000000000000010000C /* MLDefectDetector.swift in Sources */ = {isa = PBXBuildFile; fileRef = 00000000000000000010000B /* MLDefectDetector.swift */; };
		00000000000000000010000E /* Models.swift in Sources */ = {isa = PBXBuildFile; fileRef = 00000000000000000010000D /* Models.swift */; };
		000000000000000000100010 /* PhotoDefectDetector.swift in Sources */ = {isa = PBXBuildFile; fileRef = 00000000000000000010000F /* PhotoDefectDetector.swift */; };
	000000000000000000100051 /* DefectDetectionEngine.swift in Sources */ = {isa = PBXBuildFile; fileRef = 000000000000000000100050 /* DefectDetectionEngine.swift */; };
		000000000000000000100012 /* RealtimeDefectScanner.swift in Sources */ = {isa = PBXBuildFile; fileRef = 000000000000000000100011 /* RealtimeDefectScanner.swift */; };
		000000000000000000100014 /* ReportGenerator.swift in Sources */ = {isa = PBXBuildFile; fileRef = 000000000000000000100013 /* ReportGenerator.swift */; };
		000000000000000000100016 /* StandardPackRegistry.swift in Sources */ = {isa = PBXBuildFile; fileRef = 000000000000000000100015 /* StandardPackRegistry.swift */; };
		000000000000000000100018 /* Store.swift in Sources */ = {isa = PBXBuildFile; fileRef = 000000000000000000100017 /* Store.swift */; };
		00000000000000000010001A /* Theme.swift in Sources */ = {isa = PBXBuildFile; fileRef = 000000000000000000100019 /* Theme.swift */; };
		00000000000000000010001C /* Views/ContentView.swift in Sources */ = {isa = PBXBuildFile; fileRef = 00000000000000000010001B /* Views/ContentView.swift */; };
		00000000000000000010001E /* Views/DesignReviewView.swift in Sources */ = {isa = PBXBuildFile; fileRef = 00000000000000000010001D /* Views/DesignReviewView.swift */; };
		000000000000000000100020 /* Views/LiDARMeasureSheet.swift in Sources */ = {isa = PBXBuildFile; fileRef = 00000000000000000010001F /* Views/LiDARMeasureSheet.swift */; };
		000000000000000000100022 /* Views/LiDARWeldScanSheet.swift in Sources */ = {isa = PBXBuildFile; fileRef = 000000000000000000100021 /* Views/LiDARWeldScanSheet.swift */; };
		000000000000000000100024 /* Views/LiveScanView.swift in Sources */ = {isa = PBXBuildFile; fileRef = 000000000000000000100023 /* Views/LiveScanView.swift */; };
		000000000000000000100026 /* Views/Model3DView.swift in Sources */ = {isa = PBXBuildFile; fileRef = 000000000000000000100025 /* Views/Model3DView.swift */; };
		000000000000000000100028 /* Views/PhotoCheckView.swift in Sources */ = {isa = PBXBuildFile; fileRef = 000000000000000000100027 /* Views/PhotoCheckView.swift */; };
		00000000000000000010002A /* Views/ResultView.swift in Sources */ = {isa = PBXBuildFile; fileRef = 000000000000000000100029 /* Views/ResultView.swift */; };
		00000000000000000010002C /* Views/StandardsView.swift in Sources */ = {isa = PBXBuildFile; fileRef = 00000000000000000010002B /* Views/StandardsView.swift */; };
		00000000000000000010002E /* WeldFatigueCheckerApp.swift in Sources */ = {isa = PBXBuildFile; fileRef = 00000000000000000010002D /* WeldFatigueCheckerApp.swift */; };
		000000000000000000100030 /* WeldProfileAnalyzer.swift in Sources */ = {isa = PBXBuildFile; fileRef = 00000000000000000010002F /* WeldProfileAnalyzer.swift */; };
		000000000000000000100032 /* Model3D/occt_bridge.mm in Sources */ = {isa = PBXBuildFile; fileRef = 000000000000000000100031 /* Model3D/occt_bridge.mm */; };
		000000000000000000100034 /* WeldDefectModel.mlpackage in Resources */ = {isa = PBXBuildFile; fileRef = 000000000000000000100033 /* WeldDefectModel.mlpackage */; };
		000000000000000000100037 /* Resources */ = {isa = PBXBuildFile; fileRef = 000000000000000000100036 /* Resources */; };
		000000000000000000100049 /* WeldDefectSurfaceModel.mlpackage in Resources */ = {isa = PBXBuildFile; fileRef = 000000000000000000100048 /* WeldDefectSurfaceModel.mlpackage */; };
		00000000000000000010004B /* SurfaceDefectDetector.swift in Sources */ = {isa = PBXBuildFile; fileRef = 00000000000000000010004A /* SurfaceDefectDetector.swift */; };
		000000000000000000100053 /* WeldSpecCalculator.swift in Sources */ = {isa = PBXBuildFile; fileRef = 000000000000000000100052 /* WeldSpecCalculator.swift */; };
		000000000000000000100055 /* Views/WeldSpecView.swift in Sources */ = {isa = PBXBuildFile; fileRef = 000000000000000000100054 /* Views/WeldSpecView.swift */; };
		000000000000000000100057 /* Views/DispositionMapView.swift in Sources */ = {isa = PBXBuildFile; fileRef = 000000000000000000100056 /* Views/DispositionMapView.swift */; };
		000000000000000000100059 /* Views/CloudVisionConfigView.swift in Sources */ = {isa = PBXBuildFile; fileRef = 000000000000000000100058 /* Views/CloudVisionConfigView.swift */; };
		00000000000000000010005B /* BuildInfo.swift in Sources */ = {isa = PBXBuildFile; fileRef = 00000000000000000010005A /* BuildInfo.swift */; };
		00000000000000000010005D /* ImagePreprocessor.swift in Sources */ = {isa = PBXBuildFile; fileRef = 00000000000000000010005C /* ImagePreprocessor.swift */; };
		00000000000000000010005F /* JointInference.swift in Sources */ = {isa = PBXBuildFile; fileRef = 00000000000000000010005E /* JointInference.swift */; };
		000000000000000000100061 /* MetricSizer.swift in Sources */ = {isa = PBXBuildFile; fileRef = 000000000000000000100060 /* MetricSizer.swift */; };
		000000000000000000100063 /* VLMReportService.swift in Sources */ = {isa = PBXBuildFile; fileRef = 000000000000000000100062 /* VLMReportService.swift */; };
/* End PBXBuildFile section */

/* Begin PBXFileReference section */
		000000000000000000100001 /* DesignReviewer.swift */ = {isa = PBXFileReference; lastKnownFileType = sourcecode.swift; path = DesignReviewer.swift; sourceTree = "<group>"; };
		000000000000000000100003 /* FatigueEngine.swift */ = {isa = PBXFileReference; lastKnownFileType = sourcecode.swift; path = FatigueEngine.swift; sourceTree = "<group>"; };
		000000000000000000100005 /* ISO5817Grader.swift */ = {isa = PBXFileReference; lastKnownFileType = sourcecode.swift; path = ISO5817Grader.swift; sourceTree = "<group>"; };
		000000000000000000100007 /* KnowledgeBank.swift */ = {isa = PBXFileReference; lastKnownFileType = sourcecode.swift; path = KnowledgeBank.swift; sourceTree = "<group>"; };
		000000000000000000100009 /* LidarScaleCalibrator.swift */ = {isa = PBXFileReference; lastKnownFileType = sourcecode.swift; path = LidarScaleCalibrator.swift; sourceTree = "<group>"; };
		00000000000000000010000B /* MLDefectDetector.swift */ = {isa = PBXFileReference; lastKnownFileType = sourcecode.swift; path = MLDefectDetector.swift; sourceTree = "<group>"; };
		00000000000000000010000D /* Models.swift */ = {isa = PBXFileReference; lastKnownFileType = sourcecode.swift; path = Models.swift; sourceTree = "<group>"; };
		00000000000000000010000F /* PhotoDefectDetector.swift */ = {isa = PBXFileReference; lastKnownFileType = sourcecode.swift; path = PhotoDefectDetector.swift; sourceTree = "<group>"; };
	000000000000000000100050 /* DefectDetectionEngine.swift */ = {isa = PBXFileReference; lastKnownFileType = sourcecode.swift; path = DefectDetectionEngine.swift; sourceTree = "<group>"; };
		000000000000000000100011 /* RealtimeDefectScanner.swift */ = {isa = PBXFileReference; lastKnownFileType = sourcecode.swift; path = RealtimeDefectScanner.swift; sourceTree = "<group>"; };
		000000000000000000100013 /* ReportGenerator.swift */ = {isa = PBXFileReference; lastKnownFileType = sourcecode.swift; path = ReportGenerator.swift; sourceTree = "<group>"; };
		000000000000000000100015 /* StandardPackRegistry.swift */ = {isa = PBXFileReference; lastKnownFileType = sourcecode.swift; path = StandardPackRegistry.swift; sourceTree = "<group>"; };
		000000000000000000100017 /* Store.swift */ = {isa = PBXFileReference; lastKnownFileType = sourcecode.swift; path = Store.swift; sourceTree = "<group>"; };
		000000000000000000100019 /* Theme.swift */ = {isa = PBXFileReference; lastKnownFileType = sourcecode.swift; path = Theme.swift; sourceTree = "<group>"; };
		00000000000000000010001B /* Views/ContentView.swift */ = {isa = PBXFileReference; lastKnownFileType = sourcecode.swift; path = Views/ContentView.swift; sourceTree = "<group>"; };
		00000000000000000010001D /* Views/DesignReviewView.swift */ = {isa = PBXFileReference; lastKnownFileType = sourcecode.swift; path = Views/DesignReviewView.swift; sourceTree = "<group>"; };
		00000000000000000010001F /* Views/LiDARMeasureSheet.swift */ = {isa = PBXFileReference; lastKnownFileType = sourcecode.swift; path = Views/LiDARMeasureSheet.swift; sourceTree = "<group>"; };
		000000000000000000100021 /* Views/LiDARWeldScanSheet.swift */ = {isa = PBXFileReference; lastKnownFileType = sourcecode.swift; path = Views/LiDARWeldScanSheet.swift; sourceTree = "<group>"; };
		000000000000000000100023 /* Views/LiveScanView.swift */ = {isa = PBXFileReference; lastKnownFileType = sourcecode.swift; path = Views/LiveScanView.swift; sourceTree = "<group>"; };
		000000000000000000100025 /* Views/Model3DView.swift */ = {isa = PBXFileReference; lastKnownFileType = sourcecode.swift; path = Views/Model3DView.swift; sourceTree = "<group>"; };
		000000000000000000100027 /* Views/PhotoCheckView.swift */ = {isa = PBXFileReference; lastKnownFileType = sourcecode.swift; path = Views/PhotoCheckView.swift; sourceTree = "<group>"; };
		000000000000000000100029 /* Views/ResultView.swift */ = {isa = PBXFileReference; lastKnownFileType = sourcecode.swift; path = Views/ResultView.swift; sourceTree = "<group>"; };
		00000000000000000010002B /* Views/StandardsView.swift */ = {isa = PBXFileReference; lastKnownFileType = sourcecode.swift; path = Views/StandardsView.swift; sourceTree = "<group>"; };
		00000000000000000010002D /* WeldFatigueCheckerApp.swift */ = {isa = PBXFileReference; lastKnownFileType = sourcecode.swift; path = WeldFatigueCheckerApp.swift; sourceTree = "<group>"; };
		00000000000000000010002F /* WeldProfileAnalyzer.swift */ = {isa = PBXFileReference; lastKnownFileType = sourcecode.swift; path = WeldProfileAnalyzer.swift; sourceTree = "<group>"; };
		000000000000000000100031 /* Model3D/occt_bridge.mm */ = {isa = PBXFileReference; lastKnownFileType = sourcecode.cpp.objcpp; path = Model3D/occt_bridge.mm; sourceTree = "<group>"; };
		000000000000000000100033 /* WeldDefectModel.mlpackage */ = {isa = PBXFileReference; lastKnownFileType = com.apple.coreml.model; path = WeldDefectModel.mlpackage; sourceTree = "<group>"; };
		000000000000000000100048 /* WeldDefectSurfaceModel.mlpackage */ = {isa = PBXFileReference; lastKnownFileType = com.apple.coreml.model; path = WeldDefectSurfaceModel.mlpackage; sourceTree = "<group>"; };
		00000000000000000010004A /* SurfaceDefectDetector.swift */ = {isa = PBXFileReference; lastKnownFileType = sourcecode.swift; path = SurfaceDefectDetector.swift; sourceTree = "<group>"; };
		000000000000000000100035 /* WeldFatigueChecker-Bridging-Header.h */ = {isa = PBXFileReference; lastKnownFileType = sourcecode.c.h; path = WeldFatigueChecker-Bridging-Header.h; sourceTree = "<group>"; };
		000000000000000000100036 /* Resources */ = {isa = PBXFileReference; lastKnownFileType = folder; name = Resources; path = Resources; sourceTree = "<group>"; };
		000000000000000000100038 /* Info.plist */ = {isa = PBXFileReference; lastKnownFileType = text.plist.xml; path = Info.plist; sourceTree = "<group>"; };
		000000000000000000100039 /* WeldFatigueChecker.app */ = {isa = PBXFileReference; explicitFileType = wrapper.application; path = WeldFatigueChecker.app; sourceTree = BUILT_PRODUCTS_DIR; };
		000000000000000000100052 /* WeldSpecCalculator.swift */ = {isa = PBXFileReference; lastKnownFileType = sourcecode.swift; path = WeldSpecCalculator.swift; sourceTree = "<group>"; };
		000000000000000000100054 /* Views/WeldSpecView.swift */ = {isa = PBXFileReference; lastKnownFileType = sourcecode.swift; path = Views/WeldSpecView.swift; sourceTree = "<group>"; };
		000000000000000000100056 /* Views/DispositionMapView.swift */ = {isa = PBXFileReference; lastKnownFileType = sourcecode.swift; path = Views/DispositionMapView.swift; sourceTree = "<group>"; };
		000000000000000000100058 /* Views/CloudVisionConfigView.swift */ = {isa = PBXFileReference; lastKnownFileType = sourcecode.swift; path = Views/CloudVisionConfigView.swift; sourceTree = "<group>"; };
		00000000000000000010005A /* BuildInfo.swift */ = {isa = PBXFileReference; lastKnownFileType = sourcecode.swift; path = BuildInfo.swift; sourceTree = "<group>"; };
		00000000000000000010005C /* ImagePreprocessor.swift */ = {isa = PBXFileReference; lastKnownFileType = sourcecode.swift; path = ImagePreprocessor.swift; sourceTree = "<group>"; };
		00000000000000000010005E /* JointInference.swift */ = {isa = PBXFileReference; lastKnownFileType = sourcecode.swift; path = JointInference.swift; sourceTree = "<group>"; };
		000000000000000000100060 /* MetricSizer.swift */ = {isa = PBXFileReference; lastKnownFileType = sourcecode.swift; path = MetricSizer.swift; sourceTree = "<group>"; };
		000000000000000000100062 /* VLMReportService.swift */ = {isa = PBXFileReference; lastKnownFileType = sourcecode.swift; path = VLMReportService.swift; sourceTree = "<group>"; };
/* End PBXFileReference section */

/* Begin PBXFrameworksBuildPhase section */
		00000000000000000010003F /* Frameworks */ = {isa = PBXFrameworksBuildPhase; buildActionMask = 2147483647; files = (
		); runOnlyForDeploymentPostprocessing = 0; };
/* End PBXFrameworksBuildPhase section */

/* Begin PBXGroup section */
		00000000000000000010003C = {isa = PBXGroup; children = (
				00000000000000000010003A,
				00000000000000000010003B,
		); sourceTree = "<group>"; };
		00000000000000000010003A /* WeldFatigueChecker */ = {isa = PBXGroup; children = (
				000000000000000000100001,
				000000000000000000100003,
				000000000000000000100005,
				000000000000000000100007,
				000000000000000000100009,
				00000000000000000010000B,
				00000000000000000010000D,
				00000000000000000010000F,
				000000000000000000100011,
				000000000000000000100013,
				000000000000000000100015,
				000000000000000000100017,
				000000000000000000100019,
				00000000000000000010001B,
				00000000000000000010001D,
				00000000000000000010001F,
				000000000000000000100021,
				000000000000000000100023,
				000000000000000000100025,
				000000000000000000100027,
				000000000000000000100029,
				00000000000000000010002B,
				00000000000000000010002D,
				00000000000000000010002F,
				000000000000000000100031,
				00000000000000000010004A,
				000000000000000000100033,
				000000000000000000100048,
				000000000000000000100035,
				000000000000000000100036,
				000000000000000000100038,
				000000000000000000100052,
				000000000000000000100054,
				000000000000000000100056,
				000000000000000000100058,
				00000000000000000010005A,
				00000000000000000010005C,
				00000000000000000010005E,
				000000000000000000100060,
				000000000000000000100062
		); path = WeldFatigueChecker; sourceTree = "<group>"; };
		00000000000000000010003B /* Products */ = {isa = PBXGroup; children = (
				000000000000000000100039,
		); name = Products; sourceTree = "<group>"; };
/* End PBXGroup section */

/* Begin PBXNativeTarget section */
		000000000000000000100046 /* WeldFatigueChecker */ = {isa = PBXNativeTarget; buildConfigurationList = 000000000000000000100041 /* Build configuration list for PBXNativeTarget "WeldFatigueChecker" */; buildPhases = (
				00000000000000000010003D /* Sources */,
				00000000000000000010003F /* Frameworks */,
				00000000000000000010003E /* Resources */,
		); buildRules = (
		); dependencies = (
		); name = WeldFatigueChecker; productName = WeldFatigueChecker; productReference = 000000000000000000100039 /* WeldFatigueChecker.app */; productType = "com.apple.product-type.application"; };
/* End PBXNativeTarget section */

/* Begin PBXProject section */
		000000000000000000100047 /* Project object */ = {isa = PBXProject; attributes = {BuildIndependentTargetsInParallel = 1; LastSwiftUpdateCheck = 1600; LastUpgradeCheck = 1600; TargetAttributes = { 000000000000000000100046 = { CreatedOnToolsVersion = 16.0; DevelopmentTeam = ""; ProvisioningStyle = Automatic; }; }; }; buildConfigurationList = 000000000000000000100040 /* Build configuration list for PBXProject "WeldFatigueChecker" */; compatibilityVersion = "Xcode 14.0"; developmentRegion = en; hasScannedForEncodings = 0; knownRegions = (
				en,
				"zh-Hans",
			); mainGroup = 00000000000000000010003C; productRefGroup = 00000000000000000010003B /* Products */; projectDirPath = ""; projectRoot = ""; targets = (
				000000000000000000100046 /* WeldFatigueChecker */,
		); };
/* End PBXProject section */

/* Begin PBXResourcesBuildPhase section */
		00000000000000000010003E /* Resources */ = {isa = PBXResourcesBuildPhase; buildActionMask = 2147483647; files = (
				000000000000000000100037 /* Resources */,
				000000000000000000100034 /* WeldDefectModel.mlpackage in Resources */,
				000000000000000000100049 /* WeldDefectSurfaceModel.mlpackage in Resources */,
		); runOnlyForDeploymentPostprocessing = 0; };
/* End PBXResourcesBuildPhase section */

/* Begin PBXSourcesBuildPhase section */
		00000000000000000010003D /* Sources */ = {isa = PBXSourcesBuildPhase; buildActionMask = 2147483647; files = (
				000000000000000000100002,
				000000000000000000100004,
				000000000000000000100006,
				000000000000000000100008,
				00000000000000000010000A,
				00000000000000000010000C,
				00000000000000000010000E,
				000000000000000000100010,
			000000000000000000100051,
				000000000000000000100012,
				000000000000000000100014,
				000000000000000000100016,
				000000000000000000100018,
				00000000000000000010001A,
				00000000000000000010001C,
				00000000000000000010001E,
				000000000000000000100020,
				000000000000000000100022,
				000000000000000000100024,
				000000000000000000100026,
				000000000000000000100028,
				00000000000000000010002A,
				00000000000000000010002C,
				00000000000000000010002E,
				000000000000000000100030,
				000000000000000000100032,
				00000000000000000010004B /* SurfaceDefectDetector.swift in Sources */,
				000000000000000000100053,
				000000000000000000100055,
				000000000000000000100057,
				000000000000000000100059,
				00000000000000000010005B,
				00000000000000000010005D,
				00000000000000000010005F,
				000000000000000000100061,
				000000000000000000100063
		); runOnlyForDeploymentPostprocessing = 0; };
/* End PBXSourcesBuildPhase section */

/* Begin XCBuildConfiguration section */
		000000000000000000100042 /* Debug */ = {isa = XCBuildConfiguration; buildSettings = { ALWAYS_SEARCH_USER_PATHS = NO; CLANG_ANALYZER_NONNULL = YES; CLANG_ENABLE_MODULES = YES; CLANG_ENABLE_OBJC_ARC = YES; COPY_PHASE_STRIP = NO; ENABLE_STRICT_OBJC_MSGSEND = YES; GCC_DYNAMIC_NO_PIC = NO; GCC_OPTIMIZATION_LEVEL = 0; GCC_PREPROCESSOR_DEFINITIONS = (
				"DEBUG=1",
				"$(inherited)",
		); IPHONEOS_DEPLOYMENT_TARGET = 18.0; MTL_ENABLE_DEBUG_INFO = INCLUDE_SOURCE; MTL_FAST_MATH = YES; ONLY_ACTIVE_ARCH = YES; SDKROOT = iphoneos; SWIFT_ACTIVE_COMPILATION_CONDITIONS = DEBUG; SWIFT_OPTIMIZATION_LEVEL = "-Onone"; }; name = Debug; };
		000000000000000000100043 /* Release */ = {isa = XCBuildConfiguration; buildSettings = { ALWAYS_SEARCH_USER_PATHS = NO; CLANG_ANALYZER_NONNULL = YES; CLANG_ENABLE_MODULES = YES; CLANG_ENABLE_OBJC_ARC = YES; COPY_PHASE_STRIP = NO; ENABLE_NS_ASSERTIONS = NO; GCC_OPTIMIZATION_LEVEL = s; IPHONEOS_DEPLOYMENT_TARGET = 18.0; MTL_ENABLE_DEBUG_INFO = NO; MTL_FAST_MATH = YES; SDKROOT = iphoneos; SWIFT_COMPILATION_MODE = wholemodule; SWIFT_OPTIMIZATION_LEVEL = "-O"; VALIDATE_PRODUCT = YES; }; name = Release; };
/* End XCBuildConfiguration section */

/* Begin XCConfigurationList section */
		000000000000000000100040 /* Build configuration list for PBXProject "WeldFatigueChecker" */ = {isa = XCConfigurationList; buildConfigurations = (
				000000000000000000100042 /* Debug */,
				000000000000000000100043 /* Release */,
		); defaultConfigurationIsVisible = 0; defaultConfigurationName = Release; };
		000000000000000000100041 /* Build configuration list for PBXNativeTarget "WeldFatigueChecker" */ = {isa = XCConfigurationList; buildConfigurations = (
				000000000000000000100044 /* Debug */,
				000000000000000000100045 /* Release */,
		); defaultConfigurationIsVisible = 0; defaultConfigurationName = Release; };
		000000000000000000100044 /* Debug */ = {isa = XCBuildConfiguration; buildSettings = { ASSETCATALOG_COMPILER_GENERATE_SWIFT_ASSET_SYMBOL_EXTENSIONS = YES; CODE_SIGN_STYLE = Automatic; CURRENT_PROJECT_VERSION = 1; DEVELOPMENT_TEAM = ""; ENABLE_BITCODE = NO; INSTALL_PATH = /Applications; GENERATE_INFOPLIST_FILE = NO; INFOPLIST_FILE = WeldFatigueChecker/Info.plist; SDKROOT = iphoneos; SUPPORTED_PLATFORMS = "iphoneos iphonesimulator"; IPHONEOS_DEPLOYMENT_TARGET = 18.0; LD_RUNPATH_SEARCH_PATHS = (
				"$(inherited)",
				"@executable_path/Frameworks",
			); MARKETING_VERSION = 1.0; PRODUCT_BUNDLE_IDENTIFIER = com.yourorg.weldfatiguechecker; PRODUCT_NAME = "$(TARGET_NAME)"; SWIFT_EMIT_LOC_STRINGS = YES; SWIFT_OBJC_BRIDGING_HEADER = WeldFatigueChecker/WeldFatigueChecker-Bridging-Header.h; SWIFT_VERSION = 5.0; TARGETED_DEVICE_FAMILY = "1,2";  SWIFT_ACTIVE_COMPILATION_CONDITIONS = DEBUG; ONLY_ACTIVE_ARCH = YES; }; name = Debug; };
		000000000000000000100045 /* Release */ = {isa = XCBuildConfiguration; buildSettings = { ASSETCATALOG_COMPILER_GENERATE_SWIFT_ASSET_SYMBOL_EXTENSIONS = YES; CODE_SIGN_STYLE = Automatic; CURRENT_PROJECT_VERSION = 1; DEVELOPMENT_TEAM = ""; ENABLE_BITCODE = NO; INSTALL_PATH = /Applications; GENERATE_INFOPLIST_FILE = NO; INFOPLIST_FILE = WeldFatigueChecker/Info.plist; SDKROOT = iphoneos; SUPPORTED_PLATFORMS = "iphoneos iphonesimulator"; IPHONEOS_DEPLOYMENT_TARGET = 18.0; LD_RUNPATH_SEARCH_PATHS = (
				"$(inherited)",
				"@executable_path/Frameworks",
			); MARKETING_VERSION = 1.0; PRODUCT_BUNDLE_IDENTIFIER = com.yourorg.weldfatiguechecker; PRODUCT_NAME = "$(TARGET_NAME)"; SWIFT_EMIT_LOC_STRINGS = YES; SWIFT_OBJC_BRIDGING_HEADER = WeldFatigueChecker/WeldFatigueChecker-Bridging-Header.h; SWIFT_VERSION = 5.0; TARGETED_DEVICE_FAMILY = "1,2";  SWIFT_OPTIMIZATION_LEVEL = "-O"; }; name = Release; };
/* End XCConfigurationList section */
	};
	rootObject = 000000000000000000100047 /* Project object */;
}
