// !$*UTF8*$!
{
	archiveVersion = 1;
	classes = {
	};
	objectVersion = 56;
	objects = {
/* Begin PBXBuildFile section */
		000000000000000000100002 /* DesignReviewer.swift in Sources */ = {isa = PBXBuildFile; fileRef = 000000000000000000100001 /* DesignReviewer.swift */; };
		000000000000000000100004 /* FatigueEngine.swift in Sources */ = {isa = PBXBuildFile; fileRef = 000000000000000000100003 /* FatigueEngine.swift */; };
		000000000000000000100006 /* KnowledgeBank.swift in Sources */ = {isa = PBXBuildFile; fileRef = 000000000000000000100005 /* KnowledgeBank.swift */; };
		000000000000000000100008 /* LidarScaleCalibrator.swift in Sources */ = {isa = PBXBuildFile; fileRef = 000000000000000000100007 /* LidarScaleCalibrator.swift */; };
		00000000000000000010000A /* Models.swift in Sources */ = {isa = PBXBuildFile; fileRef = 000000000000000000100009 /* Models.swift */; };
		00000000000000000010000C /* PhotoDefectDetector.swift in Sources */ = {isa = PBXBuildFile; fileRef = 00000000000000000010000B /* PhotoDefectDetector.swift */; };
		00000000000000000010000E /* ReportGenerator.swift in Sources */ = {isa = PBXBuildFile; fileRef = 00000000000000000010000D /* ReportGenerator.swift */; };
		000000000000000000100010 /* StandardPackRegistry.swift in Sources */ = {isa = PBXBuildFile; fileRef = 00000000000000000010000F /* StandardPackRegistry.swift */; };
		000000000000000000100012 /* Store.swift in Sources */ = {isa = PBXBuildFile; fileRef = 000000000000000000100011 /* Store.swift */; };
		000000000000000000100014 /* Views/ContentView.swift in Sources */ = {isa = PBXBuildFile; fileRef = 000000000000000000100013 /* Views/ContentView.swift */; };
		000000000000000000100016 /* Views/DesignReviewView.swift in Sources */ = {isa = PBXBuildFile; fileRef = 000000000000000000100015 /* Views/DesignReviewView.swift */; };
		000000000000000000100018 /* Views/LiDARMeasureSheet.swift in Sources */ = {isa = PBXBuildFile; fileRef = 000000000000000000100017 /* Views/LiDARMeasureSheet.swift */; };
		00000000000000000010001A /* Views/LiDARWeldScanSheet.swift in Sources */ = {isa = PBXBuildFile; fileRef = 000000000000000000100019 /* Views/LiDARWeldScanSheet.swift */; };
		00000000000000000010001C /* Views/Model3DView.swift in Sources */ = {isa = PBXBuildFile; fileRef = 00000000000000000010001B /* Views/Model3DView.swift */; };
		00000000000000000010001E /* Views/PhotoCheckView.swift in Sources */ = {isa = PBXBuildFile; fileRef = 00000000000000000010001D /* Views/PhotoCheckView.swift */; };
		000000000000000000100020 /* Views/ResultView.swift in Sources */ = {isa = PBXBuildFile; fileRef = 00000000000000000010001F /* Views/ResultView.swift */; };
		000000000000000000100022 /* Views/StandardsView.swift in Sources */ = {isa = PBXBuildFile; fileRef = 000000000000000000100021 /* Views/StandardsView.swift */; };
		000000000000000000100024 /* WeldFatigueCheckerApp.swift in Sources */ = {isa = PBXBuildFile; fileRef = 000000000000000000100023 /* WeldFatigueCheckerApp.swift */; };
		000000000000000000100026 /* WeldProfileAnalyzer.swift in Sources */ = {isa = PBXBuildFile; fileRef = 000000000000000000100025 /* WeldProfileAnalyzer.swift */; };
		000000000000000000100028 /* Model3D/occt_bridge.mm in Sources */ = {isa = PBXBuildFile; fileRef = 000000000000000000100027 /* Model3D/occt_bridge.mm */; };
		00000000000000000010002B /* Resources */ = {isa = PBXBuildFile; fileRef = 00000000000000000010002A /* Resources */; };
/* End PBXBuildFile section */

/* Begin PBXFileReference section */
		000000000000000000100001 /* DesignReviewer.swift */ = {isa = PBXFileReference; lastKnownFileType = sourcecode.swift; path = DesignReviewer.swift; sourceTree = "<group>"; };
		000000000000000000100003 /* FatigueEngine.swift */ = {isa = PBXFileReference; lastKnownFileType = sourcecode.swift; path = FatigueEngine.swift; sourceTree = "<group>"; };
		000000000000000000100005 /* KnowledgeBank.swift */ = {isa = PBXFileReference; lastKnownFileType = sourcecode.swift; path = KnowledgeBank.swift; sourceTree = "<group>"; };
		000000000000000000100007 /* LidarScaleCalibrator.swift */ = {isa = PBXFileReference; lastKnownFileType = sourcecode.swift; path = LidarScaleCalibrator.swift; sourceTree = "<group>"; };
		000000000000000000100009 /* Models.swift */ = {isa = PBXFileReference; lastKnownFileType = sourcecode.swift; path = Models.swift; sourceTree = "<group>"; };
		00000000000000000010000B /* PhotoDefectDetector.swift */ = {isa = PBXFileReference; lastKnownFileType = sourcecode.swift; path = PhotoDefectDetector.swift; sourceTree = "<group>"; };
		00000000000000000010000D /* ReportGenerator.swift */ = {isa = PBXFileReference; lastKnownFileType = sourcecode.swift; path = ReportGenerator.swift; sourceTree = "<group>"; };
		00000000000000000010000F /* StandardPackRegistry.swift */ = {isa = PBXFileReference; lastKnownFileType = sourcecode.swift; path = StandardPackRegistry.swift; sourceTree = "<group>"; };
		000000000000000000100011 /* Store.swift */ = {isa = PBXFileReference; lastKnownFileType = sourcecode.swift; path = Store.swift; sourceTree = "<group>"; };
		000000000000000000100013 /* Views/ContentView.swift */ = {isa = PBXFileReference; lastKnownFileType = sourcecode.swift; path = Views/ContentView.swift; sourceTree = "<group>"; };
		000000000000000000100015 /* Views/DesignReviewView.swift */ = {isa = PBXFileReference; lastKnownFileType = sourcecode.swift; path = Views/DesignReviewView.swift; sourceTree = "<group>"; };
		000000000000000000100017 /* Views/LiDARMeasureSheet.swift */ = {isa = PBXFileReference; lastKnownFileType = sourcecode.swift; path = Views/LiDARMeasureSheet.swift; sourceTree = "<group>"; };
		000000000000000000100019 /* Views/LiDARWeldScanSheet.swift */ = {isa = PBXFileReference; lastKnownFileType = sourcecode.swift; path = Views/LiDARWeldScanSheet.swift; sourceTree = "<group>"; };
		00000000000000000010001B /* Views/Model3DView.swift */ = {isa = PBXFileReference; lastKnownFileType = sourcecode.swift; path = Views/Model3DView.swift; sourceTree = "<group>"; };
		00000000000000000010001D /* Views/PhotoCheckView.swift */ = {isa = PBXFileReference; lastKnownFileType = sourcecode.swift; path = Views/PhotoCheckView.swift; sourceTree = "<group>"; };
		00000000000000000010001F /* Views/ResultView.swift */ = {isa = PBXFileReference; lastKnownFileType = sourcecode.swift; path = Views/ResultView.swift; sourceTree = "<group>"; };
		000000000000000000100021 /* Views/StandardsView.swift */ = {isa = PBXFileReference; lastKnownFileType = sourcecode.swift; path = Views/StandardsView.swift; sourceTree = "<group>"; };
		000000000000000000100023 /* WeldFatigueCheckerApp.swift */ = {isa = PBXFileReference; lastKnownFileType = sourcecode.swift; path = WeldFatigueCheckerApp.swift; sourceTree = "<group>"; };
		000000000000000000100025 /* WeldProfileAnalyzer.swift */ = {isa = PBXFileReference; lastKnownFileType = sourcecode.swift; path = WeldProfileAnalyzer.swift; sourceTree = "<group>"; };
		000000000000000000100027 /* Model3D/occt_bridge.mm */ = {isa = PBXFileReference; lastKnownFileType = sourcecode.cpp.objcpp; path = Model3D/occt_bridge.mm; sourceTree = "<group>"; };
		000000000000000000100029 /* WeldFatigueChecker-Bridging-Header.h */ = {isa = PBXFileReference; lastKnownFileType = sourcecode.c.h; path = WeldFatigueChecker-Bridging-Header.h; sourceTree = "<group>"; };
		00000000000000000010002A /* Resources */ = {isa = PBXFileReference; lastKnownFileType = folder; name = Resources; path = Resources; sourceTree = "<group>"; };
		00000000000000000010002C /* Info.plist */ = {isa = PBXFileReference; lastKnownFileType = text.plist.xml; path = Info.plist; sourceTree = "<group>"; };
		00000000000000000010002D /* WeldFatigueChecker.app */ = {isa = PBXFileReference; explicitFileType = wrapper.application; path = WeldFatigueChecker.app; sourceTree = BUILT_PRODUCTS_DIR; };
/* End PBXFileReference section */

/* Begin PBXFrameworksBuildPhase section */
		000000000000000000100033 /* Frameworks */ = {isa = PBXFrameworksBuildPhase; buildActionMask = 2147483647; files = (
		); runOnlyForDeploymentPostprocessing = 0; };
/* End PBXFrameworksBuildPhase section */

/* Begin PBXGroup section */
		000000000000000000100030 = {isa = PBXGroup; children = (
				00000000000000000010002E,
				00000000000000000010002F,
		); sourceTree = "<group>"; };
		00000000000000000010002E /* WeldFatigueChecker */ = {isa = PBXGroup; children = (
				000000000000000000100001,
				000000000000000000100003,
				000000000000000000100005,
				000000000000000000100007,
				000000000000000000100009,
				00000000000000000010000B,
				00000000000000000010000D,
				00000000000000000010000F,
				000000000000000000100011,
				000000000000000000100013,
				000000000000000000100015,
				000000000000000000100017,
				000000000000000000100019,
				00000000000000000010001B,
				00000000000000000010001D,
				00000000000000000010001F,
				000000000000000000100021,
				000000000000000000100023,
				000000000000000000100025,
				000000000000000000100027,
				000000000000000000100029,
				00000000000000000010002A,
				00000000000000000010002C
		); path = WeldFatigueChecker; sourceTree = "<group>"; };
		00000000000000000010002F /* Products */ = {isa = PBXGroup; children = (
				00000000000000000010002D,
		); name = Products; sourceTree = "<group>"; };
/* End PBXGroup section */

/* Begin PBXNativeTarget section */
		00000000000000000010003A /* WeldFatigueChecker */ = {isa = PBXNativeTarget; buildConfigurationList = 000000000000000000100035 /* Build configuration list for PBXNativeTarget "WeldFatigueChecker" */; buildPhases = (
				000000000000000000100031 /* Sources */,
				000000000000000000100033 /* Frameworks */,
				000000000000000000100032 /* Resources */,
		); buildRules = (
		); dependencies = (
		); name = WeldFatigueChecker; productName = WeldFatigueChecker; productReference = 00000000000000000010002D /* WeldFatigueChecker.app */; productType = "com.apple.product-type.application"; };
/* End PBXNativeTarget section */

/* Begin PBXProject section */
		00000000000000000010003B /* Project object */ = {isa = PBXProject; attributes = {BuildIndependentTargetsInParallel = 1; LastSwiftUpdateCheck = 1600; LastUpgradeCheck = 1600; TargetAttributes = { 00000000000000000010003A = { CreatedOnToolsVersion = 16.0; DevelopmentTeam = ""; ProvisioningStyle = Automatic; }; }; }; buildConfigurationList = 000000000000000000100034 /* Build configuration list for PBXProject "WeldFatigueChecker" */; compatibilityVersion = "Xcode 14.0"; developmentRegion = en; hasScannedForEncodings = 0; knownRegions = (
				en,
				"zh-Hans",
			); mainGroup = 000000000000000000100030; productRefGroup = 00000000000000000010002F /* Products */; projectDirPath = ""; projectRoot = ""; targets = (
				00000000000000000010003A /* WeldFatigueChecker */,
		); };
/* End PBXProject section */

/* Begin PBXResourcesBuildPhase section */
		000000000000000000100032 /* Resources */ = {isa = PBXResourcesBuildPhase; buildActionMask = 2147483647; files = (
				00000000000000000010002B /* Resources */,
		); runOnlyForDeploymentPostprocessing = 0; };
/* End PBXResourcesBuildPhase section */

/* Begin PBXSourcesBuildPhase section */
		000000000000000000100031 /* Sources */ = {isa = PBXSourcesBuildPhase; buildActionMask = 2147483647; files = (
				000000000000000000100002,
				000000000000000000100004,
				000000000000000000100006,
				000000000000000000100008,
				00000000000000000010000A,
				00000000000000000010000C,
				00000000000000000010000E,
				000000000000000000100010,
				000000000000000000100012,
				000000000000000000100014,
				000000000000000000100016,
				000000000000000000100018,
				00000000000000000010001A,
				00000000000000000010001C,
				00000000000000000010001E,
				000000000000000000100020,
				000000000000000000100022,
				000000000000000000100024,
				000000000000000000100026,
				000000000000000000100028
		); runOnlyForDeploymentPostprocessing = 0; };
/* End PBXSourcesBuildPhase section */

/* Begin XCBuildConfiguration section */
		000000000000000000100036 /* Debug */ = {isa = XCBuildConfiguration; buildSettings = { ALWAYS_SEARCH_USER_PATHS = NO; CLANG_ANALYZER_NONNULL = YES; CLANG_ENABLE_MODULES = YES; CLANG_ENABLE_OBJC_ARC = YES; COPY_PHASE_STRIP = NO; ENABLE_STRICT_OBJC_MSGSEND = YES; GCC_DYNAMIC_NO_PIC = NO; GCC_OPTIMIZATION_LEVEL = 0; GCC_PREPROCESSOR_DEFINITIONS = (
				"DEBUG=1",
				"$(inherited)",
			); IPHONEOS_DEPLOYMENT_TARGET = 18.0; MTL_ENABLE_DEBUG_INFO = INCLUDE_SOURCE; MTL_FAST_MATH = YES; ONLY_ACTIVE_ARCH = YES; SDKROOT = iphoneos; SWIFT_ACTIVE_COMPILATION_CONDITIONS = DEBUG; SWIFT_OPTIMIZATION_LEVEL = "-Onone"; }; name = Debug; };
		000000000000000000100037 /* Release */ = {isa = XCBuildConfiguration; buildSettings = { ALWAYS_SEARCH_USER_PATHS = NO; CLANG_ANALYZER_NONNULL = YES; CLANG_ENABLE_MODULES = YES; CLANG_ENABLE_OBJC_ARC = YES; COPY_PHASE_STRIP = NO; ENABLE_NS_ASSERTIONS = NO; GCC_OPTIMIZATION_LEVEL = s; IPHONEOS_DEPLOYMENT_TARGET = 18.0; MTL_ENABLE_DEBUG_INFO = NO; MTL_FAST_MATH = YES; SDKROOT = iphoneos; SWIFT_COMPILATION_MODE = wholemodule; SWIFT_OPTIMIZATION_LEVEL = "-O"; VALIDATE_PRODUCT = YES; }; name = Release; };
/* End XCBuildConfiguration section */

/* Begin XCConfigurationList section */
		000000000000000000100034 /* Build configuration list for PBXProject "WeldFatigueChecker" */ = {isa = XCConfigurationList; buildConfigurations = (
				000000000000000000100036 /* Debug */,
				000000000000000000100037 /* Release */,
		); defaultConfigurationIsVisible = 0; defaultConfigurationName = Release; };
		000000000000000000100035 /* Build configuration list for PBXNativeTarget "WeldFatigueChecker" */ = {isa = XCConfigurationList; buildConfigurations = (
				000000000000000000100038 /* Debug */,
				000000000000000000100039 /* Release */,
		); defaultConfigurationIsVisible = 0; defaultConfigurationName = Release; };
		000000000000000000100038 /* Debug */ = {isa = XCBuildConfiguration; buildSettings = { ASSETCATALOG_COMPILER_GENERATE_SWIFT_ASSET_SYMBOL_EXTENSIONS = YES; CODE_SIGN_STYLE = Automatic; CURRENT_PROJECT_VERSION = 1; DEVELOPMENT_TEAM = ""; ENABLE_BITCODE = NO; GENERATE_INFOPLIST_FILE = NO; INFOPLIST_FILE = WeldFatigueChecker/Info.plist; IPHONEOS_DEPLOYMENT_TARGET = 18.0; LD_RUNPATH_SEARCH_PATHS = (
				"$(inherited)",
				"@executable_path/Frameworks",
			); MARKETING_VERSION = 1.0; PRODUCT_BUNDLE_IDENTIFIER = com.yourorg.weldfatiguechecker; PRODUCT_NAME = "$(TARGET_NAME)"; SWIFT_EMIT_LOC_STRINGS = YES; SWIFT_OBJC_BRIDGING_HEADER = WeldFatigueChecker/WeldFatigueChecker-Bridging-Header.h; SWIFT_VERSION = 5.0; TARGETED_DEVICE_FAMILY = "1,2";  SWIFT_ACTIVE_COMPILATION_CONDITIONS = DEBUG; ONLY_ACTIVE_ARCH = YES; }; name = Debug; };
		000000000000000000100039 /* Release */ = {isa = XCBuildConfiguration; buildSettings = { ASSETCATALOG_COMPILER_GENERATE_SWIFT_ASSET_SYMBOL_EXTENSIONS = YES; CODE_SIGN_STYLE = Automatic; CURRENT_PROJECT_VERSION = 1; DEVELOPMENT_TEAM = ""; ENABLE_BITCODE = NO; GENERATE_INFOPLIST_FILE = NO; INFOPLIST_FILE = WeldFatigueChecker/Info.plist; IPHONEOS_DEPLOYMENT_TARGET = 18.0; LD_RUNPATH_SEARCH_PATHS = (
				"$(inherited)",
				"@executable_path/Frameworks",
			); MARKETING_VERSION = 1.0; PRODUCT_BUNDLE_IDENTIFIER = com.yourorg.weldfatiguechecker; PRODUCT_NAME = "$(TARGET_NAME)"; SWIFT_EMIT_LOC_STRINGS = YES; SWIFT_OBJC_BRIDGING_HEADER = WeldFatigueChecker/WeldFatigueChecker-Bridging-Header.h; SWIFT_VERSION = 5.0; TARGETED_DEVICE_FAMILY = "1,2";  SWIFT_OPTIMIZATION_LEVEL = "-O"; }; name = Release; };
/* End XCConfigurationList section */
	};
	rootObject = 00000000000000000010003B /* Project object */;
}
